
Microsoft Visual Studio Solution File, Format Version 12.00
# Visual Studio Version 16
VisualStudioVersion = 16.0.30804.86
MinimumVisualStudioVersion = 10.0.40219.1
Project("{FAE04EC0-301F-11D3-BF4B-00C04F79EFBC}") = "Interactive Editor", "Interactive Editor\Interactive Editor.csproj", "{F13604C8-5233-433F-B4B3-111EF1AB09EE}"
EndProject
Project("{FAE04EC0-301F-11D3-BF4B-00C04F79EFBC}") = "Interactive Editor Demo", "DemoForm\Interactive Editor Demo.csproj", "{383DCDB4-3FE4-4C84-B932-24B657CC52E4}"
EndProject
Project("{FAE04EC0-301F-11D3-BF4B-00C04F79EFBC}") = "Interactive Editor Testing Unit", "Interactive Editor Testing Unit\Interactive Editor Testing Unit.csproj", "{16BD937C-0BA7-4434-92B8-E757938432F7}"
EndProject
Global
	GlobalSection(SolutionConfigurationPlatforms) = preSolution
		Debug|Any CPU = Debug|Any CPU
		Release|Any CPU = Release|Any CPU
	EndGlobalSection
	GlobalSection(ProjectConfigurationPlatforms) = postSolution
		{F13604C8-5233-433F-B4B3-111EF1AB09EE}.Debug|Any CPU.ActiveCfg = Debug|Any CPU
		{F13604C8-5233-433F-B4B3-111EF1AB09EE}.Debug|Any CPU.Build.0 = Debug|Any CPU
		{F13604C8-5233-433F-B4B3-111EF1AB09EE}.Release|Any CPU.ActiveCfg = Release|Any CPU
		{F13604C8-5233-433F-B4B3-111EF1AB09EE}.Release|Any CPU.Build.0 = Release|Any CPU
		{383DCDB4-3FE4-4C84-B932-24B657CC52E4}.Debug|Any CPU.ActiveCfg = Debug|Any CPU
		{383DCDB4-3FE4-4C84-B932-24B657CC52E4}.Debug|Any CPU.Build.0 = Debug|Any CPU
		{383DCDB4-3FE4-4C84-B932-24B657CC52E4}.Release|Any CPU.ActiveCfg = Release|Any CPU
		{383DCDB4-3FE4-4C84-B932-24B657CC52E4}.Release|Any CPU.Build.0 = Release|Any CPU
		{16BD937C-0BA7-4434-92B8-E757938432F7}.Debug|Any CPU.ActiveCfg = Debug|Any CPU
		{16BD937C-0BA7-4434-92B8-E757938432F7}.Debug|Any CPU.Build.0 = Debug|Any CPU
		{16BD937C-0BA7-4434-92B8-E757938432F7}.Release|Any CPU.ActiveCfg = Release|Any CPU
		{16BD937C-0BA7-4434-92B8-E757938432F7}.Release|Any CPU.Build.0 = Release|Any CPU
	EndGlobalSection
	GlobalSection(SolutionProperties) = preSolution
		HideSolutionNode = FALSE
	EndGlobalSection
	GlobalSection(ExtensibilityGlobals) = postSolution
		SolutionGuid = {ECCE9CA5-5B1D-444F-A80B-10A95615A827}
	EndGlobalSection
EndGlobal
